
Microsoft Visual Studio Solution File, Format Version 12.00
# Visual Studio 2012
Project("{8BC9CEB8-8B4A-11D0-8D11-00A0C91BC942}") = "NetExt", "NetExt\NetExt.vcxproj", "{10825480-9CB0-4B3E-B94F-E1DEA58F7789}"
EndProject
Project("{FAE04EC0-301F-11D3-BF4B-00C04F79EFBC}") = "NetExtShim", "ClrMemDiagExt\NetExtShim.csproj", "{249A0236-8FC8-4CD7-B6E1-C3422924EA09}"
EndProject
Project("{FAE04EC0-301F-11D3-BF4B-00C04F79EFBC}") = "ProofOfConcept", "ProofOfConcept\ProofOfConcept.csproj", "{D84567E9-A5E9-4672-9EB7-83A95892645F}"
EndProject
Project("{FAE04EC0-301F-11D3-BF4B-00C04F79EFBC}") = "BuildHelp", "BuildHelp\BuildHelp.csproj", "{38961746-516F-443B-953B-DDAC3E328459}"
EndProject
Global
	GlobalSection(SolutionConfigurationPlatforms) = preSolution
		Debug|Any CPU = Debug|Any CPU
		Debug|Mixed Platforms = Debug|Mixed Platforms
		Debug|Win32 = Debug|Win32
		Debug|x64 = Debug|x64
		Debug|x86 = Debug|x86
		Release|Any CPU = Release|Any CPU
		Release|Mixed Platforms = Release|Mixed Platforms
		Release|Win32 = Release|Win32
		Release|x64 = Release|x64
		Release|x86 = Release|x86
		Release32|Any CPU = Release32|Any CPU
		Release32|Mixed Platforms = Release32|Mixed Platforms
		Release32|Win32 = Release32|Win32
		Release32|x64 = Release32|x64
		Release32|x86 = Release32|x86
		Release64|Any CPU = Release64|Any CPU
		Release64|Mixed Platforms = Release64|Mixed Platforms
		Release64|Win32 = Release64|Win32
		Release64|x64 = Release64|x64
		Release64|x86 = Release64|x86
	EndGlobalSection
	GlobalSection(ProjectConfigurationPlatforms) = postSolution
		{10825480-9CB0-4B3E-B94F-E1DEA58F7789}.Debug|Any CPU.ActiveCfg = Debug|Win32
		{10825480-9CB0-4B3E-B94F-E1DEA58F7789}.Debug|Mixed Platforms.ActiveCfg = Debug|x64
		{10825480-9CB0-4B3E-B94F-E1DEA58F7789}.Debug|Mixed Platforms.Build.0 = Debug|x64
		{10825480-9CB0-4B3E-B94F-E1DEA58F7789}.Debug|Win32.ActiveCfg = Debug|Win32
		{10825480-9CB0-4B3E-B94F-E1DEA58F7789}.Debug|Win32.Build.0 = Debug|Win32
		{10825480-9CB0-4B3E-B94F-E1DEA58F7789}.Debug|x64.ActiveCfg = Debug|x64
		{10825480-9CB0-4B3E-B94F-E1DEA58F7789}.Debug|x64.Build.0 = Debug|x64
		{10825480-9CB0-4B3E-B94F-E1DEA58F7789}.Debug|x86.ActiveCfg = Debug|x64
		{10825480-9CB0-4B3E-B94F-E1DEA58F7789}.Debug|x86.Build.0 = Debug|x64
		{10825480-9CB0-4B3E-B94F-E1DEA58F7789}.Release|Any CPU.ActiveCfg = Release|Win32
		{10825480-9CB0-4B3E-B94F-E1DEA58F7789}.Release|Mixed Platforms.ActiveCfg = Release|Win32
		{10825480-9CB0-4B3E-B94F-E1DEA58F7789}.Release|Mixed Platforms.Build.0 = Release|Win32
		{10825480-9CB0-4B3E-B94F-E1DEA58F7789}.Release|Win32.ActiveCfg = Release|Win32
		{10825480-9CB0-4B3E-B94F-E1DEA58F7789}.Release|Win32.Build.0 = Release|Win32
		{10825480-9CB0-4B3E-B94F-E1DEA58F7789}.Release|x64.ActiveCfg = Release|x64
		{10825480-9CB0-4B3E-B94F-E1DEA58F7789}.Release|x86.ActiveCfg = Release|Win32
		{10825480-9CB0-4B3E-B94F-E1DEA58F7789}.Release|x86.Build.0 = Release|Win32
		{10825480-9CB0-4B3E-B94F-E1DEA58F7789}.Release32|Any CPU.ActiveCfg = Release32|Win32
		{10825480-9CB0-4B3E-B94F-E1DEA58F7789}.Release32|Mixed Platforms.ActiveCfg = Release32|Win32
		{10825480-9CB0-4B3E-B94F-E1DEA58F7789}.Release32|Mixed Platforms.Build.0 = Release32|Win32
		{10825480-9CB0-4B3E-B94F-E1DEA58F7789}.Release32|Win32.ActiveCfg = Release32|Win32
		{10825480-9CB0-4B3E-B94F-E1DEA58F7789}.Release32|Win32.Build.0 = Release32|Win32
		{10825480-9CB0-4B3E-B94F-E1DEA58F7789}.Release32|x64.ActiveCfg = Release32|x64
		{10825480-9CB0-4B3E-B94F-E1DEA58F7789}.Release32|x64.Build.0 = Release32|x64
		{10825480-9CB0-4B3E-B94F-E1DEA58F7789}.Release32|x86.ActiveCfg = Release32|Win32
		{10825480-9CB0-4B3E-B94F-E1DEA58F7789}.Release32|x86.Build.0 = Release32|Win32
		{10825480-9CB0-4B3E-B94F-E1DEA58F7789}.Release64|Any CPU.ActiveCfg = Release64|Win32
		{10825480-9CB0-4B3E-B94F-E1DEA58F7789}.Release64|Mixed Platforms.ActiveCfg = Debug|Win32
		{10825480-9CB0-4B3E-B94F-E1DEA58F7789}.Release64|Mixed Platforms.Build.0 = Debug|Win32
		{10825480-9CB0-4B3E-B94F-E1DEA58F7789}.Release64|Win32.ActiveCfg = Release64|Win32
		{10825480-9CB0-4B3E-B94F-E1DEA58F7789}.Release64|x64.ActiveCfg = Release64|x64
		{10825480-9CB0-4B3E-B94F-E1DEA58F7789}.Release64|x64.Build.0 = Release64|x64
		{10825480-9CB0-4B3E-B94F-E1DEA58F7789}.Release64|x86.ActiveCfg = Release64|Win32
		{10825480-9CB0-4B3E-B94F-E1DEA58F7789}.Release64|x86.Build.0 = Release64|Win32
		{249A0236-8FC8-4CD7-B6E1-C3422924EA09}.Debug|Any CPU.ActiveCfg = Debug|Any CPU
		{249A0236-8FC8-4CD7-B6E1-C3422924EA09}.Debug|Any CPU.Build.0 = Debug|Any CPU
		{249A0236-8FC8-4CD7-B6E1-C3422924EA09}.Debug|Mixed Platforms.ActiveCfg = Debug|x64
		{249A0236-8FC8-4CD7-B6E1-C3422924EA09}.Debug|Mixed Platforms.Build.0 = Debug|x64
		{249A0236-8FC8-4CD7-B6E1-C3422924EA09}.Debug|Win32.ActiveCfg = Debug|x86
		{249A0236-8FC8-4CD7-B6E1-C3422924EA09}.Debug|Win32.Build.0 = Debug|x86
		{249A0236-8FC8-4CD7-B6E1-C3422924EA09}.Debug|x64.ActiveCfg = Debug|x64
		{249A0236-8FC8-4CD7-B6E1-C3422924EA09}.Debug|x64.Build.0 = Debug|x64
		{249A0236-8FC8-4CD7-B6E1-C3422924EA09}.Debug|x86.ActiveCfg = Debug|x86
		{249A0236-8FC8-4CD7-B6E1-C3422924EA09}.Debug|x86.Build.0 = Debug|x86
		{249A0236-8FC8-4CD7-B6E1-C3422924EA09}.Release|Any CPU.ActiveCfg = Release|Any CPU
		{249A0236-8FC8-4CD7-B6E1-C3422924EA09}.Release|Any CPU.Build.0 = Release|Any CPU
		{249A0236-8FC8-4CD7-B6E1-C3422924EA09}.Release|Mixed Platforms.ActiveCfg = Release|Any CPU
		{249A0236-8FC8-4CD7-B6E1-C3422924EA09}.Release|Mixed Platforms.Build.0 = Release|Any CPU
		{249A0236-8FC8-4CD7-B6E1-C3422924EA09}.Release|Win32.ActiveCfg = Release|Any CPU
		{249A0236-8FC8-4CD7-B6E1-C3422924EA09}.Release|x64.ActiveCfg = Release|x64
		{249A0236-8FC8-4CD7-B6E1-C3422924EA09}.Release|x86.ActiveCfg = Release|x86
		{249A0236-8FC8-4CD7-B6E1-C3422924EA09}.Release|x86.Build.0 = Release|x86
		{249A0236-8FC8-4CD7-B6E1-C3422924EA09}.Release32|Any CPU.ActiveCfg = Release32|Any CPU
		{249A0236-8FC8-4CD7-B6E1-C3422924EA09}.Release32|Mixed Platforms.ActiveCfg = Release32|x86
		{249A0236-8FC8-4CD7-B6E1-C3422924EA09}.Release32|Mixed Platforms.Build.0 = Release32|x86
		{249A0236-8FC8-4CD7-B6E1-C3422924EA09}.Release32|Win32.ActiveCfg = Release32|x86
		{249A0236-8FC8-4CD7-B6E1-C3422924EA09}.Release32|Win32.Build.0 = Release32|x86
		{249A0236-8FC8-4CD7-B6E1-C3422924EA09}.Release32|x64.ActiveCfg = Release32|x64
		{249A0236-8FC8-4CD7-B6E1-C3422924EA09}.Release32|x86.ActiveCfg = Release32|x86
		{249A0236-8FC8-4CD7-B6E1-C3422924EA09}.Release32|x86.Build.0 = Release32|x86
		{249A0236-8FC8-4CD7-B6E1-C3422924EA09}.Release64|Any CPU.ActiveCfg = Release64|Any CPU
		{249A0236-8FC8-4CD7-B6E1-C3422924EA09}.Release64|Any CPU.Build.0 = Release64|Any CPU
		{249A0236-8FC8-4CD7-B6E1-C3422924EA09}.Release64|Mixed Platforms.ActiveCfg = Debug|x86
		{249A0236-8FC8-4CD7-B6E1-C3422924EA09}.Release64|Mixed Platforms.Build.0 = Debug|x86
		{249A0236-8FC8-4CD7-B6E1-C3422924EA09}.Release64|Win32.ActiveCfg = Release64|Any CPU
		{249A0236-8FC8-4CD7-B6E1-C3422924EA09}.Release64|x64.ActiveCfg = Release64|x64
		{249A0236-8FC8-4CD7-B6E1-C3422924EA09}.Release64|x64.Build.0 = Release64|x64
		{249A0236-8FC8-4CD7-B6E1-C3422924EA09}.Release64|x86.ActiveCfg = Release64|x86
		{249A0236-8FC8-4CD7-B6E1-C3422924EA09}.Release64|x86.Build.0 = Release64|x86
		{D84567E9-A5E9-4672-9EB7-83A95892645F}.Debug|Any CPU.ActiveCfg = Debug|Any CPU
		{D84567E9-A5E9-4672-9EB7-83A95892645F}.Debug|Any CPU.Build.0 = Debug|Any CPU
		{D84567E9-A5E9-4672-9EB7-83A95892645F}.Debug|Mixed Platforms.ActiveCfg = Debug|Any CPU
		{D84567E9-A5E9-4672-9EB7-83A95892645F}.Debug|Mixed Platforms.Build.0 = Debug|Any CPU
		{D84567E9-A5E9-4672-9EB7-83A95892645F}.Debug|Win32.ActiveCfg = Debug|Any CPU
		{D84567E9-A5E9-4672-9EB7-83A95892645F}.Debug|x64.ActiveCfg = Debug|Any CPU
		{D84567E9-A5E9-4672-9EB7-83A95892645F}.Debug|x64.Build.0 = Debug|Any CPU
		{D84567E9-A5E9-4672-9EB7-83A95892645F}.Debug|x86.ActiveCfg = Debug|x86
		{D84567E9-A5E9-4672-9EB7-83A95892645F}.Debug|x86.Build.0 = Debug|x86
		{D84567E9-A5E9-4672-9EB7-83A95892645F}.Release|Any CPU.ActiveCfg = Release|Any CPU
		{D84567E9-A5E9-4672-9EB7-83A95892645F}.Release|Any CPU.Build.0 = Release|Any CPU
		{D84567E9-A5E9-4672-9EB7-83A95892645F}.Release|Mixed Platforms.ActiveCfg = Release|Any CPU
		{D84567E9-A5E9-4672-9EB7-83A95892645F}.Release|Mixed Platforms.Build.0 = Release|Any CPU
		{D84567E9-A5E9-4672-9EB7-83A95892645F}.Release|Win32.ActiveCfg = Release|Any CPU
		{D84567E9-A5E9-4672-9EB7-83A95892645F}.Release|x64.ActiveCfg = Release|Any CPU
		{D84567E9-A5E9-4672-9EB7-83A95892645F}.Release|x86.ActiveCfg = Release|Any CPU
		{D84567E9-A5E9-4672-9EB7-83A95892645F}.Release32|Any CPU.ActiveCfg = Release32|Any CPU
		{D84567E9-A5E9-4672-9EB7-83A95892645F}.Release32|Mixed Platforms.ActiveCfg = Release32|Any CPU
		{D84567E9-A5E9-4672-9EB7-83A95892645F}.Release32|Mixed Platforms.Build.0 = Release32|Any CPU
		{D84567E9-A5E9-4672-9EB7-83A95892645F}.Release32|Win32.ActiveCfg = Release32|Any CPU
		{D84567E9-A5E9-4672-9EB7-83A95892645F}.Release32|x64.ActiveCfg = Release32|Any CPU
		{D84567E9-A5E9-4672-9EB7-83A95892645F}.Release32|x86.ActiveCfg = Release32|Any CPU
		{D84567E9-A5E9-4672-9EB7-83A95892645F}.Release64|Any CPU.ActiveCfg = Release64|Any CPU
		{D84567E9-A5E9-4672-9EB7-83A95892645F}.Release64|Any CPU.Build.0 = Release64|Any CPU
		{D84567E9-A5E9-4672-9EB7-83A95892645F}.Release64|Mixed Platforms.ActiveCfg = Release64|Any CPU
		{D84567E9-A5E9-4672-9EB7-83A95892645F}.Release64|Mixed Platforms.Build.0 = Release64|Any CPU
		{D84567E9-A5E9-4672-9EB7-83A95892645F}.Release64|Win32.ActiveCfg = Release64|Any CPU
		{D84567E9-A5E9-4672-9EB7-83A95892645F}.Release64|x64.ActiveCfg = Release64|Any CPU
		{D84567E9-A5E9-4672-9EB7-83A95892645F}.Release64|x86.ActiveCfg = Release64|Any CPU
		{38961746-516F-443B-953B-DDAC3E328459}.Debug|Any CPU.ActiveCfg = Debug|x86
		{38961746-516F-443B-953B-DDAC3E328459}.Debug|Mixed Platforms.ActiveCfg = Debug|x86
		{38961746-516F-443B-953B-DDAC3E328459}.Debug|Mixed Platforms.Build.0 = Debug|x86
		{38961746-516F-443B-953B-DDAC3E328459}.Debug|Win32.ActiveCfg = Debug|x86
		{38961746-516F-443B-953B-DDAC3E328459}.Debug|Win32.Build.0 = Debug|x86
		{38961746-516F-443B-953B-DDAC3E328459}.Debug|x64.ActiveCfg = Debug|Any CPU
		{38961746-516F-443B-953B-DDAC3E328459}.Debug|x86.ActiveCfg = Debug|x86
		{38961746-516F-443B-953B-DDAC3E328459}.Release|Any CPU.ActiveCfg = Release|x86
		{38961746-516F-443B-953B-DDAC3E328459}.Release|Mixed Platforms.ActiveCfg = Release|x86
		{38961746-516F-443B-953B-DDAC3E328459}.Release|Mixed Platforms.Build.0 = Release|x86
		{38961746-516F-443B-953B-DDAC3E328459}.Release|Win32.ActiveCfg = Release|x86
		{38961746-516F-443B-953B-DDAC3E328459}.Release|Win32.Build.0 = Release|x86
		{38961746-516F-443B-953B-DDAC3E328459}.Release|x64.ActiveCfg = Release|Any CPU
		{38961746-516F-443B-953B-DDAC3E328459}.Release|x64.Build.0 = Release|Any CPU
		{38961746-516F-443B-953B-DDAC3E328459}.Release|x86.ActiveCfg = Release|x86
		{38961746-516F-443B-953B-DDAC3E328459}.Release|x86.Build.0 = Release|x86
		{38961746-516F-443B-953B-DDAC3E328459}.Release32|Any CPU.ActiveCfg = Release|x86
		{38961746-516F-443B-953B-DDAC3E328459}.Release32|Mixed Platforms.ActiveCfg = Release|x86
		{38961746-516F-443B-953B-DDAC3E328459}.Release32|Mixed Platforms.Build.0 = Release|x86
		{38961746-516F-443B-953B-DDAC3E328459}.Release32|Win32.ActiveCfg = Release|x86
		{38961746-516F-443B-953B-DDAC3E328459}.Release32|Win32.Build.0 = Release|x86
		{38961746-516F-443B-953B-DDAC3E328459}.Release32|x64.ActiveCfg = Release|x86
		{38961746-516F-443B-953B-DDAC3E328459}.Release32|x86.ActiveCfg = Release|x86
		{38961746-516F-443B-953B-DDAC3E328459}.Release32|x86.Build.0 = Release|x86
		{38961746-516F-443B-953B-DDAC3E328459}.Release64|Any CPU.ActiveCfg = Release|x86
		{38961746-516F-443B-953B-DDAC3E328459}.Release64|Mixed Platforms.ActiveCfg = Release|x86
		{38961746-516F-443B-953B-DDAC3E328459}.Release64|Mixed Platforms.Build.0 = Release|x86
		{38961746-516F-443B-953B-DDAC3E328459}.Release64|Win32.ActiveCfg = Release|x86
		{38961746-516F-443B-953B-DDAC3E328459}.Release64|Win32.Build.0 = Release|x86
		{38961746-516F-443B-953B-DDAC3E328459}.Release64|x64.ActiveCfg = Release|Any CPU
		{38961746-516F-443B-953B-DDAC3E328459}.Release64|x64.Build.0 = Release|Any CPU
		{38961746-516F-443B-953B-DDAC3E328459}.Release64|x86.ActiveCfg = Release|x86
		{38961746-516F-443B-953B-DDAC3E328459}.Release64|x86.Build.0 = Release|x86
	EndGlobalSection
	GlobalSection(SolutionProperties) = preSolution
		HideSolutionNode = FALSE
	EndGlobalSection
EndGlobal
