<?xml version="1.0" encoding="utf-8"?>
<Project ToolsVersion="4.0" xmlns="http://schemas.microsoft.com/developer/msbuild/2003">
  <ItemGroup>
    <Filter Include="Source Files">
      <UniqueIdentifier>{4FC737F1-C7A5-4376-A066-2A32D752A2FF}</UniqueIdentifier>
      <Extensions>cpp;c;cc;cxx;def;odl;idl;hpj;bat;asm;asmx</Extensions>
    </Filter>
    <Filter Include="Header Files">
      <UniqueIdentifier>{93995380-89BD-4b04-88EB-625FBE52EBFB}</UniqueIdentifier>
      <Extensions>h;hpp;hxx;hm;inl;inc;xsd</Extensions>
    </Filter>
    <Filter Include="Resource Files">
      <UniqueIdentifier>{67DA6AB6-F800-4c08-8B7A-83BB121AAD01}</UniqueIdentifier>
      <Extensions>rc;ico;cur;bmp;dlg;rc2;rct;bin;rgs;gif;jpg;jpeg;jpe;resx;tiff;tif;png;wav;mfcribbon-ms</Extensions>
    </Filter>
  </ItemGroup>
  <ItemGroup>
    <None Include="NetExt.def">
      <Filter>Source Files</Filter>
    </None>
    <None Include="ClassDiagram.cd" />
  </ItemGroup>
  <ItemGroup>
    <ClInclude Include="resource.h">
      <Filter>Header Files</Filter>
    </ClInclude>
    <ClInclude Include="NetExt.h">
      <Filter>Header Files</Filter>
    </ClInclude>
    <ClInclude Include="SpecialCases.h">
      <Filter>Header Files</Filter>
    </ClInclude>
    <ClInclude Include="CLRHelper.h">
      <Filter>Header Files</Filter>
    </ClInclude>
    <ClInclude Include="boost.h">
      <Filter>Header Files</Filter>
    </ClInclude>
    <ClInclude Include="selectparser.h">
      <Filter>Header Files</Filter>
    </ClInclude>
    <ClInclude Include="Indexer.h">
      <Filter>Header Files</Filter>
    </ClInclude>
    <ClInclude Include="VersionInfo.h">
      <Filter>Header Files</Filter>
    </ClInclude>
    <ClInclude Include="inc\engextcpp.hpp">
      <Filter>Header Files</Filter>
    </ClInclude>
    <ClInclude Include="tinyXml\tinystr.h">
      <Filter>Header Files</Filter>
    </ClInclude>
    <ClInclude Include="tinyXml\tinyxml.h">
      <Filter>Header Files</Filter>
    </ClInclude>
  </ItemGroup>
  <ItemGroup>
    <ResourceCompile Include="NetExt.rc">
      <Filter>Resource Files</Filter>
    </ResourceCompile>
  </ItemGroup>
  <ItemGroup>
    <ClCompile Include="NetExt.cpp">
      <Filter>Source Files</Filter>
    </ClCompile>
    <ClCompile Include="clrstack.cpp">
      <Filter>Source Files</Filter>
    </ClCompile>
    <ClCompile Include="do.cpp">
      <Filter>Source Files</Filter>
    </ClCompile>
    <ClCompile Include="SpecialCases.cpp">
      <Filter>Source Files</Filter>
    </ClCompile>
    <ClCompile Include="CLRHelper.cpp">
      <Filter>Source Files</Filter>
    </ClCompile>
    <ClCompile Include="wselect.cpp">
      <Filter>Source Files</Filter>
    </ClCompile>
    <ClCompile Include="selectparser.cpp">
      <Filter>Source Files</Filter>
    </ClCompile>
    <ClCompile Include="Indexer.cpp">
      <Filter>Source Files</Filter>
    </ClCompile>
    <ClCompile Include="wheap.cpp">
      <Filter>Source Files</Filter>
    </ClCompile>
    <ClCompile Include="windex.cpp">
      <Filter>Source Files</Filter>
    </ClCompile>
    <ClCompile Include="wstack.cpp">
      <Filter>Source Files</Filter>
    </ClCompile>
    <ClCompile Include="regmatch.cpp">
      <Filter>Source Files</Filter>
    </ClCompile>
    <ClCompile Include="regsearch.cpp">
      <Filter>Source Files</Filter>
    </ClCompile>
    <ClCompile Include="select.cpp">
      <Filter>Source Files</Filter>
    </ClCompile>
    <ClCompile Include="wdict.cpp">
      <Filter>Source Files</Filter>
    </ClCompile>
    <ClCompile Include="whelp.cpp">
      <Filter>Source Files</Filter>
    </ClCompile>
    <ClCompile Include="inc\engextcpp.cpp">
      <Filter>Source Files</Filter>
    </ClCompile>
    <ClCompile Include="socket.cpp">
      <Filter>Source Files</Filter>
    </ClCompile>
    <ClCompile Include="tinyXml\tinystr.cpp">
      <Filter>Source Files</Filter>
    </ClCompile>
    <ClCompile Include="tinyXml\tinyxml.cpp">
      <Filter>Source Files</Filter>
    </ClCompile>
    <ClCompile Include="tinyXml\tinyxmlerror.cpp">
      <Filter>Source Files</Filter>
    </ClCompile>
    <ClCompile Include="tinyXml\tinyxmlparser.cpp">
      <Filter>Source Files</Filter>
    </ClCompile>
    <ClCompile Include="apppool.cpp">
      <Filter>Source Files</Filter>
    </ClCompile>
    <ClCompile Include="sqlcommand.cpp">
      <Filter>Source Files</Filter>
    </ClCompile>
  </ItemGroup>
  <ItemGroup>
    <Text Include="helptxt.txt" />
    <Text Include="lib\lib.txt" />
  </ItemGroup>
  <ItemGroup>
    <Library Include="lib\x64\dbgeng.lib" />
    <Library Include="lib\x64\dbghelp.lib" />
    <Library Include="lib\x64\engextcpp.lib" />
  </ItemGroup>
</Project>